
Microsoft Visual Studio Solution File, Format Version 12.00
# Visual Studio Version 16
VisualStudioVersion = 16.0.29409.12
MinimumVisualStudioVersion = 10.0.40219.1
Project("{F184B08F-C81C-45F6-A57F-5ABD9991F28F}") = "Graphics_Example", "Graphics_Example.vbproj", "{22E53A78-26ED-4FD1-BF4F-634CBD935D99}"
EndProject
Global
	GlobalSection(SolutionConfigurationPlatforms) = preSolution
		Debug|Any CPU = Debug|Any CPU
		Release|Any CPU = Release|Any CPU
	EndGlobalSection
	GlobalSection(ProjectConfigurationPlatforms) = postSolution
		{22E53A78-26ED-4FD1-BF4F-634CBD935D99}.Debug|Any CPU.ActiveCfg = Debug|Any CPU
		{22E53A78-26ED-4FD1-BF4F-634CBD935D99}.Debug|Any CPU.Build.0 = Debug|Any CPU
		{22E53A78-26ED-4FD1-BF4F-634CBD935D99}.Release|Any CPU.ActiveCfg = Release|Any CPU
		{22E53A78-26ED-4FD1-BF4F-634CBD935D99}.Release|Any CPU.Build.0 = Release|Any CPU
	EndGlobalSection
	GlobalSection(SolutionProperties) = preSolution
		HideSolutionNode = FALSE
	EndGlobalSection
	GlobalSection(ExtensibilityGlobals) = postSolution
		SolutionGuid = {5D65E9CA-C8D5-452B-9974-171DFB0A1383}
	EndGlobalSection
EndGlobal
