
Microsoft Visual Studio Solution File, Format Version 12.00
# Visual Studio Version 16
VisualStudioVersion = 16.0.29230.47
MinimumVisualStudioVersion = 10.0.40219.1
Project("{F184B08F-C81C-45F6-A57F-5ABD9991F28F}") = "Asg 1-5", "Asg 1-5.vbproj", "{785DCAE1-EA69-4178-BEBE-786FD821E1B2}"
EndProject
Global
	GlobalSection(SolutionConfigurationPlatforms) = preSolution
		Debug|Any CPU = Debug|Any CPU
		Release|Any CPU = Release|Any CPU
	EndGlobalSection
	GlobalSection(ProjectConfigurationPlatforms) = postSolution
		{785DCAE1-EA69-4178-BEBE-786FD821E1B2}.Debug|Any CPU.ActiveCfg = Debug|Any CPU
		{785DCAE1-EA69-4178-BEBE-786FD821E1B2}.Debug|Any CPU.Build.0 = Debug|Any CPU
		{785DCAE1-EA69-4178-BEBE-786FD821E1B2}.Release|Any CPU.ActiveCfg = Release|Any CPU
		{785DCAE1-EA69-4178-BEBE-786FD821E1B2}.Release|Any CPU.Build.0 = Release|Any CPU
	EndGlobalSection
	GlobalSection(SolutionProperties) = preSolution
		HideSolutionNode = FALSE
	EndGlobalSection
	GlobalSection(ExtensibilityGlobals) = postSolution
		SolutionGuid = {E98ED8B5-1E36-4B3F-8DB6-DF70078FB846}
	EndGlobalSection
EndGlobal
